github.com/dselans/dmidecode v0.0.0-20180814053009-65c3f9d81910 h1:w9T/rS5VP0SPXqYr7BpUeqf6ukp/GEWm6nXhziWzBY4=
github.com/dselans/dmidecode v0.0.0-20180814053009-65c3f9d81910/go.mod h1:yGxJ4za56u74+F00gmg9RJoyXLzvrOrIat4b/Dgw9Lo=
github.com/gorilla/schema v1.1.0 h1:CamqUDOFUBqzrvxuz2vEwo8+SUdwsluFh7IlzJh30LY=
github.com/gorilla/schema v1.1.0/go.mod h1:kgLaKoK1FELgZqMAVxx/5cbj0kT+57qxUrAlIO2eleU=
github.com/sethvargo/go-diceware v0.0.0-20181024230814-74428ac65346 h1:n9gSCIU8kuXl5qhguo7KHJMf0QDKUWL+sjv4HnUtoQ8=
github.com/sethvargo/go-diceware v0.0.0-20181024230814-74428ac65346/go.mod h1:e1FI16LZSMIO53uyHKuSboQslWoLQiVJjxLe31/Y6BI=
gopkg.in/urfave/cli.v1 v1.20.0 h1:NdAVW6RYxDif9DhDHaAortIu956m2c0v+09AZBPTbE0=
gopkg.in/urfave/cli.v1 v1.20.0/go.mod h1:vuBzUtMdQeixQj8LVd+/98pzhxNGQoyuPBlsXHOQNO0=
