# This file is autogenerated, do not edit; changes may be undone by the next 'dep ensure'.


[[projects]]
  branch = "master"
  digest = "1:c294db0c768a916e4f71213a99d5d976c410a811bbfa25346fca0ae0bcbb8d47"
  name = "github.com/dselans/dmidecode"
  packages = ["."]
  pruneopts = ""
  revision = "08eabb429b4ad1353e56dd634048b05d811ba062"

[[projects]]
  branch = "master"
  digest = "1:6fc314b58ec44d0ba1dd91b9129e16f5950fd61341db96cde846db7de8802a16"
  name = "github.com/gorilla/schema"
  packages = ["."]
  pruneopts = ""
  revision = "4663607285146df46a987f5e930bdfbd2d7cbe96"

[[projects]]
  branch = "master"
  digest = "1:75e7514d3d4f0f4a0c191120e6842391a5d5e25e81b271bb1a588d68297608c4"
  name = "github.com/sethvargo/go-diceware"
  packages = ["diceware"]
  pruneopts = ""
  revision = "95bd91066dd1c58c436e9c898fbcaaa1c5b7df0d"

[[projects]]
  digest = "1:e85837cb04b78f61688c6eba93ea9d14f60d611e2aaf8319999b1a60d2dafbfa"
  name = "gopkg.in/urfave/cli.v1"
  packages = ["."]
  pruneopts = ""
  revision = "cfb38830724cc34fedffe9a2a29fb54fa9169cd1"
  version = "v1.20.0"

[solve-meta]
  analyzer-name = "dep"
  analyzer-version = 1
  input-imports = [
    "github.com/dselans/dmidecode",
    "github.com/gorilla/schema",
    "github.com/sethvargo/go-diceware/diceware",
    "gopkg.in/urfave/cli.v1",
  ]
  solver-name = "gps-cdcl"
  solver-version = 1
