# This file is autogenerated, do not edit; changes may be undone by the next 'dep ensure'.


[[projects]]
  branch = "master"
  name = "github.com/dselans/dmidecode"
  packages = ["."]
  revision = "08eabb429b4ad1353e56dd634048b05d811ba062"

[[projects]]
  branch = "master"
  name = "github.com/gorilla/schema"
  packages = ["."]
  revision = "4663607285146df46a987f5e930bdfbd2d7cbe96"

[[projects]]
  branch = "master"
  name = "github.com/sethvargo/go-diceware"
  packages = ["diceware"]
  revision = "95bd91066dd1c58c436e9c898fbcaaa1c5b7df0d"

[[projects]]
  name = "gopkg.in/urfave/cli.v1"
  packages = ["."]
  revision = "cfb38830724cc34fedffe9a2a29fb54fa9169cd1"
  version = "v1.20.0"

[solve-meta]
  analyzer-name = "dep"
  analyzer-version = 1
  inputs-digest = "6ea03b03f25d02ccfaea817f0929bf845e60c4d55db6469e3c7d5756251c6e70"
  solver-name = "gps-cdcl"
  solver-version = 1
